// !$*UTF8*$!
{
	archiveVersion = 1;
	classes = {
	};
	objectVersion = 46;
	objects = {

/* Begin PBXBuildFile section */
		4512C0311AF83C5F0069C28B /* Main.storyboard in Resources */ = {isa = PBXBuildFile; fileRef = 4512C02F1AF83C5F0069C28B /* Main.storyboard */; };
		4512C0351AF83DE70069C28B /* QuestionsTableViewCtrl.swift in Sources */ = {isa = PBXBuildFile; fileRef = 4512C0341AF83DE70069C28B /* QuestionsTableViewCtrl.swift */; };
		4512C0381AF83E3D0069C28B /* LaunchScreen.xib in Resources */ = {isa = PBXBuildFile; fileRef = 4512C0361AF83E3D0069C28B /* LaunchScreen.xib */; };
		A07EA7641AF7FAE000DF32B3 /* libicucore.dylib in Frameworks */ = {isa = PBXBuildFile; fileRef = A07EA7631AF7FAE000DF32B3 /* libicucore.dylib */; };
		A07EA7661AF7FAEF00DF32B3 /* libc++.dylib in Frameworks */ = {isa = PBXBuildFile; fileRef = A07EA7651AF7FAEF00DF32B3 /* libc++.dylib */; };
		A07EA7681AF7FAF900DF32B3 /* CFNetwork.framework in Frameworks */ = {isa = PBXBuildFile; fileRef = A07EA7671AF7FAF900DF32B3 /* CFNetwork.framework */; };
		A07EA76A1AF7FB0100DF32B3 /* Security.framework in Frameworks */ = {isa = PBXBuildFile; fileRef = A07EA7691AF7FB0100DF32B3 /* Security.framework */; };
		A07EA76C1AF7FB1000DF32B3 /* SystemConfiguration.framework in Frameworks */ = {isa = PBXBuildFile; fileRef = A07EA76B1AF7FB1000DF32B3 /* SystemConfiguration.framework */; };
		A07EA7721AF7FE9500DF32B3 /* Firebase.framework in Frameworks */ = {isa = PBXBuildFile; fileRef = A07EA7711AF7FE9500DF32B3 /* Firebase.framework */; };
		A0F964B01AF6A52300FCA5BB /* AppDelegate.swift in Sources */ = {isa = PBXBuildFile; fileRef = A0F964AF1AF6A52300FCA5BB /* AppDelegate.swift */; };
		A0F964B21AF6A52300FCA5BB /* ViewController.swift in Sources */ = {isa = PBXBuildFile; fileRef = A0F964B11AF6A52300FCA5BB /* ViewController.swift */; };
		A0F964B71AF6A52300FCA5BB /* Images.xcassets in Resources */ = {isa = PBXBuildFile; fileRef = A0F964B61AF6A52300FCA5BB /* Images.xcassets */; };
		A0F964C61AF6A52300FCA5BB /* InterLectTests.swift in Sources */ = {isa = PBXBuildFile; fileRef = A0F964C51AF6A52300FCA5BB /* InterLectTests.swift */; };
		A0F964D21AF6BB0C00FCA5BB /* CreateViewCtrl.swift in Sources */ = {isa = PBXBuildFile; fileRef = A0F964D11AF6BB0C00FCA5BB /* CreateViewCtrl.swift */; };
		A0F964D41AF6BB4500FCA5BB /* WatchViewCtrl.swift in Sources */ = {isa = PBXBuildFile; fileRef = A0F964D31AF6BB4500FCA5BB /* WatchViewCtrl.swift */; };
		A0F964D81AF6BBCE00FCA5BB /* AddQuestionViewCtrl.swift in Sources */ = {isa = PBXBuildFile; fileRef = A0F964D71AF6BBCE00FCA5BB /* AddQuestionViewCtrl.swift */; };
		A0F964DA1AF6BD0500FCA5BB /* Lecture.swift in Sources */ = {isa = PBXBuildFile; fileRef = A0F964D91AF6BD0500FCA5BB /* Lecture.swift */; };
		A0F964DC1AF6BD3000FCA5BB /* DAOLecture.swift in Sources */ = {isa = PBXBuildFile; fileRef = A0F964DB1AF6BD3000FCA5BB /* DAOLecture.swift */; };
/* End PBXBuildFile section */

/* Begin PBXContainerItemProxy section */
		A0F964C01AF6A52300FCA5BB /* PBXContainerItemProxy */ = {
			isa = PBXContainerItemProxy;
			containerPortal = A0F964A21AF6A52300FCA5BB /* Project object */;
			proxyType = 1;
			remoteGlobalIDString = A0F964A91AF6A52300FCA5BB;
			remoteInfo = InterLect;
		};
/* End PBXContainerItemProxy section */

/* Begin PBXFileReference section */
		4512C0301AF83C5F0069C28B /* Base */ = {isa = PBXFileReference; lastKnownFileType = file.storyboard; name = Base; path = Base.lproj/Main.storyboard; sourceTree = "<group>"; };
		4512C0341AF83DE70069C28B /* QuestionsTableViewCtrl.swift */ = {isa = PBXFileReference; fileEncoding = 4; lastKnownFileType = sourcecode.swift; path = QuestionsTableViewCtrl.swift; sourceTree = "<group>"; };
		4512C0371AF83E3D0069C28B /* Base */ = {isa = PBXFileReference; lastKnownFileType = file.xib; name = Base; path = Base.lproj/LaunchScreen.xib; sourceTree = "<group>"; };
		A07EA7631AF7FAE000DF32B3 /* libicucore.dylib */ = {isa = PBXFileReference; lastKnownFileType = "compiled.mach-o.dylib"; name = libicucore.dylib; path = usr/lib/libicucore.dylib; sourceTree = SDKROOT; };
		A07EA7651AF7FAEF00DF32B3 /* libc++.dylib */ = {isa = PBXFileReference; lastKnownFileType = "compiled.mach-o.dylib"; name = "libc++.dylib"; path = "usr/lib/libc++.dylib"; sourceTree = SDKROOT; };
		A07EA7671AF7FAF900DF32B3 /* CFNetwork.framework */ = {isa = PBXFileReference; lastKnownFileType = wrapper.framework; name = CFNetwork.framework; path = System/Library/Frameworks/CFNetwork.framework; sourceTree = SDKROOT; };
		A07EA7691AF7FB0100DF32B3 /* Security.framework */ = {isa = PBXFileReference; lastKnownFileType = wrapper.framework; name = Security.framework; path = System/Library/Frameworks/Security.framework; sourceTree = SDKROOT; };
		A07EA76B1AF7FB1000DF32B3 /* SystemConfiguration.framework */ = {isa = PBXFileReference; lastKnownFileType = wrapper.framework; name = SystemConfiguration.framework; path = System/Library/Frameworks/SystemConfiguration.framework; sourceTree = SDKROOT; };
		A07EA7711AF7FE9500DF32B3 /* Firebase.framework */ = {isa = PBXFileReference; lastKnownFileType = wrapper.framework; path = Firebase.framework; sourceTree = "<group>"; };
		A07EA7731AF7FFA200DF32B3 /* InterLect-Bridging-Header.h */ = {isa = PBXFileReference; lastKnownFileType = sourcecode.c.h; path = "InterLect-Bridging-Header.h"; sourceTree = "<group>"; };
		A0F964AA1AF6A52300FCA5BB /* InterLect.app */ = {isa = PBXFileReference; explicitFileType = wrapper.application; includeInIndex = 0; path = InterLect.app; sourceTree = BUILT_PRODUCTS_DIR; };
		A0F964AE1AF6A52300FCA5BB /* Info.plist */ = {isa = PBXFileReference; lastKnownFileType = text.plist.xml; path = Info.plist; sourceTree = "<group>"; };
		A0F964AF1AF6A52300FCA5BB /* AppDelegate.swift */ = {isa = PBXFileReference; lastKnownFileType = sourcecode.swift; path = AppDelegate.swift; sourceTree = "<group>"; };
		A0F964B11AF6A52300FCA5BB /* ViewController.swift */ = {isa = PBXFileReference; lastKnownFileType = sourcecode.swift; path = ViewController.swift; sourceTree = "<group>"; };
		A0F964B61AF6A52300FCA5BB /* Images.xcassets */ = {isa = PBXFileReference; lastKnownFileType = folder.assetcatalog; path = Images.xcassets; sourceTree = "<group>"; };
		A0F964BF1AF6A52300FCA5BB /* InterLectTests.xctest */ = {isa = PBXFileReference; explicitFileType = wrapper.cfbundle; includeInIndex = 0; path = InterLectTests.xctest; sourceTree = BUILT_PRODUCTS_DIR; };
		A0F964C41AF6A52300FCA5BB /* Info.plist */ = {isa = PBXFileReference; lastKnownFileType = text.plist.xml; path = Info.plist; sourceTree = "<group>"; };
		A0F964C51AF6A52300FCA5BB /* InterLectTests.swift */ = {isa = PBXFileReference; lastKnownFileType = sourcecode.swift; path = InterLectTests.swift; sourceTree = "<group>"; };
		A0F964D11AF6BB0C00FCA5BB /* CreateViewCtrl.swift */ = {isa = PBXFileReference; fileEncoding = 4; lastKnownFileType = sourcecode.swift; path = CreateViewCtrl.swift; sourceTree = "<group>"; };
		A0F964D31AF6BB4500FCA5BB /* WatchViewCtrl.swift */ = {isa = PBXFileReference; fileEncoding = 4; lastKnownFileType = sourcecode.swift; path = WatchViewCtrl.swift; sourceTree = "<group>"; };
		A0F964D71AF6BBCE00FCA5BB /* AddQuestionViewCtrl.swift */ = {isa = PBXFileReference; fileEncoding = 4; lastKnownFileType = sourcecode.swift; path = AddQuestionViewCtrl.swift; sourceTree = "<group>"; };
		A0F964D91AF6BD0500FCA5BB /* Lecture.swift */ = {isa = PBXFileReference; fileEncoding = 4; lastKnownFileType = sourcecode.swift; path = Lecture.swift; sourceTree = "<group>"; };
		A0F964DB1AF6BD3000FCA5BB /* DAOLecture.swift */ = {isa = PBXFileReference; fileEncoding = 4; lastKnownFileType = sourcecode.swift; path = DAOLecture.swift; sourceTree = "<group>"; };
/* End PBXFileReference section */

/* Begin PBXFrameworksBuildPhase section */
		A0F964A71AF6A52300FCA5BB /* Frameworks */ = {
			isa = PBXFrameworksBuildPhase;
			buildActionMask = 2147483647;
			files = (
				A07EA7721AF7FE9500DF32B3 /* Firebase.framework in Frameworks */,
				A07EA76C1AF7FB1000DF32B3 /* SystemConfiguration.framework in Frameworks */,
				A07EA76A1AF7FB0100DF32B3 /* Security.framework in Frameworks */,
				A07EA7681AF7FAF900DF32B3 /* CFNetwork.framework in Frameworks */,
				A07EA7661AF7FAEF00DF32B3 /* libc++.dylib in Frameworks */,
				A07EA7641AF7FAE000DF32B3 /* libicucore.dylib in Frameworks */,
			);
			runOnlyForDeploymentPostprocessing = 0;
		};
		A0F964BC1AF6A52300FCA5BB /* Frameworks */ = {
			isa = PBXFrameworksBuildPhase;
			buildActionMask = 2147483647;
			files = (
			);
			runOnlyForDeploymentPostprocessing = 0;
		};
/* End PBXFrameworksBuildPhase section */

/* Begin PBXGroup section */
		A0F964A11AF6A52300FCA5BB = {
			isa = PBXGroup;
			children = (
				A07EA7711AF7FE9500DF32B3 /* Firebase.framework */,
				A07EA76B1AF7FB1000DF32B3 /* SystemConfiguration.framework */,
				A07EA7691AF7FB0100DF32B3 /* Security.framework */,
				A07EA7671AF7FAF900DF32B3 /* CFNetwork.framework */,
				A07EA7651AF7FAEF00DF32B3 /* libc++.dylib */,
				A07EA7631AF7FAE000DF32B3 /* libicucore.dylib */,
				A0F964AC1AF6A52300FCA5BB /* InterLect */,
				A0F964C21AF6A52300FCA5BB /* InterLectTests */,
				A0F964AB1AF6A52300FCA5BB /* Products */,
			);
			sourceTree = "<group>";
		};
		A0F964AB1AF6A52300FCA5BB /* Products */ = {
			isa = PBXGroup;
			children = (
				A0F964AA1AF6A52300FCA5BB /* InterLect.app */,
				A0F964BF1AF6A52300FCA5BB /* InterLectTests.xctest */,
			);
			name = Products;
			sourceTree = "<group>";
		};
		A0F964AC1AF6A52300FCA5BB /* InterLect */ = {
			isa = PBXGroup;
			children = (
				4512C0341AF83DE70069C28B /* QuestionsTableViewCtrl.swift */,
				A0F964AF1AF6A52300FCA5BB /* AppDelegate.swift */,
				A0F964B11AF6A52300FCA5BB /* ViewController.swift */,
				A0F964D11AF6BB0C00FCA5BB /* CreateViewCtrl.swift */,
				A0F964D31AF6BB4500FCA5BB /* WatchViewCtrl.swift */,
				A0F964D71AF6BBCE00FCA5BB /* AddQuestionViewCtrl.swift */,
				A0F964D91AF6BD0500FCA5BB /* Lecture.swift */,
				A0F964DB1AF6BD3000FCA5BB /* DAOLecture.swift */,
				4512C0361AF83E3D0069C28B /* LaunchScreen.xib */,
				4512C02F1AF83C5F0069C28B /* Main.storyboard */,
				A0F964B61AF6A52300FCA5BB /* Images.xcassets */,
				A0F964AD1AF6A52300FCA5BB /* Supporting Files */,
				A07EA7731AF7FFA200DF32B3 /* InterLect-Bridging-Header.h */,
			);
			path = InterLect;
			sourceTree = "<group>";
		};
		A0F964AD1AF6A52300FCA5BB /* Supporting Files */ = {
			isa = PBXGroup;
			children = (
				A0F964AE1AF6A52300FCA5BB /* Info.plist */,
			);
			name = "Supporting Files";
			sourceTree = "<group>";
		};
		A0F964C21AF6A52300FCA5BB /* InterLectTests */ = {
			isa = PBXGroup;
			children = (
				A0F964C51AF6A52300FCA5BB /* InterLectTests.swift */,
				A0F964C31AF6A52300FCA5BB /* Supporting Files */,
			);
			path = InterLectTests;
			sourceTree = "<group>";
		};
		A0F964C31AF6A52300FCA5BB /* Supporting Files */ = {
			isa = PBXGroup;
			children = (
				A0F964C41AF6A52300FCA5BB /* Info.plist */,
			);
			name = "Supporting Files";
			sourceTree = "<group>";
		};
/* End PBXGroup section */

/* Begin PBXNativeTarget section */
		A0F964A91AF6A52300FCA5BB /* InterLect */ = {
			isa = PBXNativeTarget;
			buildConfigurationList = A0F964C91AF6A52300FCA5BB /* Build configuration list for PBXNativeTarget "InterLect" */;
			buildPhases = (
				A0F964A61AF6A52300FCA5BB /* Sources */,
				A0F964A71AF6A52300FCA5BB /* Frameworks */,
				A0F964A81AF6A52300FCA5BB /* Resources */,
			);
			buildRules = (
			);
			dependencies = (
			);
			name = InterLect;
			productName = InterLect;
			productReference = A0F964AA1AF6A52300FCA5BB /* InterLect.app */;
			productType = "com.apple.product-type.application";
		};
		A0F964BE1AF6A52300FCA5BB /* InterLectTests */ = {
			isa = PBXNativeTarget;
			buildConfigurationList = A0F964CC1AF6A52300FCA5BB /* Build configuration list for PBXNativeTarget "InterLectTests" */;
			buildPhases = (
				A0F964BB1AF6A52300FCA5BB /* Sources */,
				A0F964BC1AF6A52300FCA5BB /* Frameworks */,
				A0F964BD1AF6A52300FCA5BB /* Resources */,
			);
			buildRules = (
			);
			dependencies = (
				A0F964C11AF6A52300FCA5BB /* PBXTargetDependency */,
			);
			name = InterLectTests;
			productName = InterLectTests;
			productReference = A0F964BF1AF6A52300FCA5BB /* InterLectTests.xctest */;
			productType = "com.apple.product-type.bundle.unit-test";
		};
/* End PBXNativeTarget section */

/* Begin PBXProject section */
		A0F964A21AF6A52300FCA5BB /* Project object */ = {
			isa = PBXProject;
			attributes = {
				LastUpgradeCheck = 0630;
				ORGANIZATIONNAME = "Eduardo Tolmasquim";
				TargetAttributes = {
					A0F964A91AF6A52300FCA5BB = {
						CreatedOnToolsVersion = 6.3.1;
					};
					A0F964BE1AF6A52300FCA5BB = {
						CreatedOnToolsVersion = 6.3.1;
						TestTargetID = A0F964A91AF6A52300FCA5BB;
					};
				};
			};
			buildConfigurationList = A0F964A51AF6A52300FCA5BB /* Build configuration list for PBXProject "InterLect" */;
			compatibilityVersion = "Xcode 3.2";
			developmentRegion = English;
			hasScannedForEncodings = 0;
			knownRegions = (
				en,
				Base,
			);
			mainGroup = A0F964A11AF6A52300FCA5BB;
			productRefGroup = A0F964AB1AF6A52300FCA5BB /* Products */;
			projectDirPath = "";
			projectRoot = "";
			targets = (
				A0F964A91AF6A52300FCA5BB /* InterLect */,
				A0F964BE1AF6A52300FCA5BB /* InterLectTests */,
			);
		};
/* End PBXProject section */

/* Begin PBXResourcesBuildPhase section */
		A0F964A81AF6A52300FCA5BB /* Resources */ = {
			isa = PBXResourcesBuildPhase;
			buildActionMask = 2147483647;
			files = (
				4512C0381AF83E3D0069C28B /* LaunchScreen.xib in Resources */,
				A0F964B71AF6A52300FCA5BB /* Images.xcassets in Resources */,
				4512C0311AF83C5F0069C28B /* Main.storyboard in Resources */,
			);
			runOnlyForDeploymentPostprocessing = 0;
		};
		A0F964BD1AF6A52300FCA5BB /* Resources */ = {
			isa = PBXResourcesBuildPhase;
			buildActionMask = 2147483647;
			files = (
			);
			runOnlyForDeploymentPostprocessing = 0;
		};
/* End PBXResourcesBuildPhase section */

/* Begin PBXSourcesBuildPhase section */
		A0F964A61AF6A52300FCA5BB /* Sources */ = {
			isa = PBXSourcesBuildPhase;
			buildActionMask = 2147483647;
			files = (
				A0F964B21AF6A52300FCA5BB /* ViewController.swift in Sources */,
				A0F964D41AF6BB4500FCA5BB /* WatchViewCtrl.swift in Sources */,
				4512C0351AF83DE70069C28B /* QuestionsTableViewCtrl.swift in Sources */,
				A0F964B01AF6A52300FCA5BB /* AppDelegate.swift in Sources */,
				A0F964DC1AF6BD3000FCA5BB /* DAOLecture.swift in Sources */,
				A0F964D21AF6BB0C00FCA5BB /* CreateViewCtrl.swift in Sources */,
				A0F964DA1AF6BD0500FCA5BB /* Lecture.swift in Sources */,
				A0F964D81AF6BBCE00FCA5BB /* AddQuestionViewCtrl.swift in Sources */,
			);
			runOnlyForDeploymentPostprocessing = 0;
		};
		A0F964BB1AF6A52300FCA5BB /* Sources */ = {
			isa = PBXSourcesBuildPhase;
			buildActionMask = 2147483647;
			files = (
				A0F964C61AF6A52300FCA5BB /* InterLectTests.swift in Sources */,
			);
			runOnlyForDeploymentPostprocessing = 0;
		};
/* End PBXSourcesBuildPhase section */

/* Begin PBXTargetDependency section */
		A0F964C11AF6A52300FCA5BB /* PBXTargetDependency */ = {
			isa = PBXTargetDependency;
			target = A0F964A91AF6A52300FCA5BB /* InterLect */;
			targetProxy = A0F964C01AF6A52300FCA5BB /* PBXContainerItemProxy */;
		};
/* End PBXTargetDependency section */

/* Begin PBXVariantGroup section */
		4512C02F1AF83C5F0069C28B /* Main.storyboard */ = {
			isa = PBXVariantGroup;
			children = (
				4512C0301AF83C5F0069C28B /* Base */,
			);
			name = Main.storyboard;
			sourceTree = "<group>";
		};
		4512C0361AF83E3D0069C28B /* LaunchScreen.xib */ = {
			isa = PBXVariantGroup;
			children = (
				4512C0371AF83E3D0069C28B /* Base */,
			);
			name = LaunchScreen.xib;
			sourceTree = "<group>";
		};
/* End PBXVariantGroup section */

/* Begin XCBuildConfiguration section */
		A0F964C71AF6A52300FCA5BB /* Debug */ = {
			isa = XCBuildConfiguration;
			buildSettings = {
				ALWAYS_SEARCH_USER_PATHS = NO;
				CLANG_CXX_LANGUAGE_STANDARD = "gnu++0x";
				CLANG_CXX_LIBRARY = "libc++";
				CLANG_ENABLE_MODULES = YES;
				CLANG_ENABLE_OBJC_ARC = YES;
				CLANG_WARN_BOOL_CONVERSION = YES;
				CLANG_WARN_CONSTANT_CONVERSION = YES;
				CLANG_WARN_DIRECT_OBJC_ISA_USAGE = YES_ERROR;
				CLANG_WARN_EMPTY_BODY = YES;
				CLANG_WARN_ENUM_CONVERSION = YES;
				CLANG_WARN_INT_CONVERSION = YES;
				CLANG_WARN_OBJC_ROOT_CLASS = YES_ERROR;
				CLANG_WARN_UNREACHABLE_CODE = YES;
				CLANG_WARN__DUPLICATE_METHOD_MATCH = YES;
				"CODE_SIGN_IDENTITY[sdk=iphoneos*]" = "iPhone Developer";
				COPY_PHASE_STRIP = NO;
				DEBUG_INFORMATION_FORMAT = "dwarf-with-dsym";
				ENABLE_STRICT_OBJC_MSGSEND = YES;
				GCC_C_LANGUAGE_STANDARD = gnu99;
				GCC_DYNAMIC_NO_PIC = NO;
				GCC_NO_COMMON_BLOCKS = YES;
				GCC_OPTIMIZATION_LEVEL = 0;
				GCC_PREPROCESSOR_DEFINITIONS = (
					"DEBUG=1",
					"$(inherited)",
				);
				GCC_SYMBOLS_PRIVATE_EXTERN = NO;
				GCC_WARN_64_TO_32_BIT_CONVERSION = YES;
				GCC_WARN_ABOUT_RETURN_TYPE = YES_ERROR;
				GCC_WARN_UNDECLARED_SELECTOR = YES;
				GCC_WARN_UNINITIALIZED_AUTOS = YES_AGGRESSIVE;
				GCC_WARN_UNUSED_FUNCTION = YES;
				GCC_WARN_UNUSED_VARIABLE = YES;
				IPHONEOS_DEPLOYMENT_TARGET = 8.3;
				MTL_ENABLE_DEBUG_INFO = YES;
				ONLY_ACTIVE_ARCH = YES;
				SDKROOT = iphoneos;
				SWIFT_OPTIMIZATION_LEVEL = "-Onone";
				TARGETED_DEVICE_FAMILY = "1,2";
			};
			name = Debug;
		};
		A0F964C81AF6A52300FCA5BB /* Release */ = {
			isa = XCBuildConfiguration;
			buildSettings = {
				ALWAYS_SEARCH_USER_PATHS = NO;
				CLANG_CXX_LANGUAGE_STANDARD = "gnu++0x";
				CLANG_CXX_LIBRARY = "libc++";
				CLANG_ENABLE_MODULES = YES;
				CLANG_ENABLE_OBJC_ARC = YES;
				CLANG_WARN_BOOL_CONVERSION = YES;
				CLANG_WARN_CONSTANT_CONVERSION = YES;
				CLANG_WARN_DIRECT_OBJC_ISA_USAGE = YES_ERROR;
				CLANG_WARN_EMPTY_BODY = YES;
				CLANG_WARN_ENUM_CONVERSION = YES;
				CLANG_WARN_INT_CONVERSION = YES;
				CLANG_WARN_OBJC_ROOT_CLASS = YES_ERROR;
				CLANG_WARN_UNREACHABLE_CODE = YES;
				CLANG_WARN__DUPLICATE_METHOD_MATCH = YES;
				"CODE_SIGN_IDENTITY[sdk=iphoneos*]" = "iPhone Developer";
				COPY_PHASE_STRIP = NO;
				DEBUG_INFORMATION_FORMAT = "dwarf-with-dsym";
				ENABLE_NS_ASSERTIONS = NO;
				ENABLE_STRICT_OBJC_MSGSEND = YES;
				GCC_C_LANGUAGE_STANDARD = gnu99;
				GCC_NO_COMMON_BLOCKS = YES;
				GCC_WARN_64_TO_32_BIT_CONVERSION = YES;
				GCC_WARN_ABOUT_RETURN_TYPE = YES_ERROR;
				GCC_WARN_UNDECLARED_SELECTOR = YES;
				GCC_WARN_UNINITIALIZED_AUTOS = YES_AGGRESSIVE;
				GCC_WARN_UNUSED_FUNCTION = YES;
				GCC_WARN_UNUSED_VARIABLE = YES;
				IPHONEOS_DEPLOYMENT_TARGET = 8.3;
				MTL_ENABLE_DEBUG_INFO = NO;
				SDKROOT = iphoneos;
				TARGETED_DEVICE_FAMILY = "1,2";
				VALIDATE_PRODUCT = YES;
			};
			name = Release;
		};
		A0F964CA1AF6A52300FCA5BB /* Debug */ = {
			isa = XCBuildConfiguration;
			buildSettings = {
				ASSETCATALOG_COMPILER_APPICON_NAME = AppIcon;
				CLANG_ENABLE_MODULES = YES;
				FRAMEWORK_SEARCH_PATHS = (
					"$(inherited)",
					/Users/Eduardo/Downloads,
					"$(PROJECT_DIR)",
				);
				INFOPLIST_FILE = InterLect/Info.plist;
				LD_RUNPATH_SEARCH_PATHS = "$(inherited) @executable_path/Frameworks";
				"OTHER_LDFLAGS[arch=*]" = "-ObjC";
				PRODUCT_NAME = "$(TARGET_NAME)";
				SWIFT_OBJC_BRIDGING_HEADER = "InterLect/InterLect-Bridging-Header.h";
				SWIFT_OPTIMIZATION_LEVEL = "-Onone";
			};
			name = Debug;
		};
		A0F964CB1AF6A52300FCA5BB /* Release */ = {
			isa = XCBuildConfiguration;
			buildSettings = {
				ASSETCATALOG_COMPILER_APPICON_NAME = AppIcon;
				CLANG_ENABLE_MODULES = YES;
				FRAMEWORK_SEARCH_PATHS = (
					"$(inherited)",
					/Users/Eduardo/Downloads,
					"$(PROJECT_DIR)",
				);
				INFOPLIST_FILE = InterLect/Info.plist;
				LD_RUNPATH_SEARCH_PATHS = "$(inherited) @executable_path/Frameworks";
				PRODUCT_NAME = "$(TARGET_NAME)";
				SWIFT_OBJC_BRIDGING_HEADER = "InterLect/InterLect-Bridging-Header.h";
			};
			name = Release;
		};
		A0F964CD1AF6A52300FCA5BB /* Debug */ = {
			isa = XCBuildConfiguration;
			buildSettings = {
				BUNDLE_LOADER = "$(TEST_HOST)";
				FRAMEWORK_SEARCH_PATHS = (
					"$(SDKROOT)/Developer/Library/Frameworks",
					"$(inherited)",
				);
				GCC_PREPROCESSOR_DEFINITIONS = (
					"DEBUG=1",
					"$(inherited)",
				);
				INFOPLIST_FILE = InterLectTests/Info.plist;
				LD_RUNPATH_SEARCH_PATHS = "$(inherited) @executable_path/Frameworks @loader_path/Frameworks";
				PRODUCT_NAME = "$(TARGET_NAME)";
				TEST_HOST = "$(BUILT_PRODUCTS_DIR)/InterLect.app/InterLect";
			};
			name = Debug;
		};
		A0F964CE1AF6A52300FCA5BB /* Release */ = {
			isa = XCBuildConfiguration;
			buildSettings = {
				BUNDLE_LOADER = "$(TEST_HOST)";
				FRAMEWORK_SEARCH_PATHS = (
					"$(SDKROOT)/Developer/Library/Frameworks",
					"$(inherited)",
				);
				INFOPLIST_FILE = InterLectTests/Info.plist;
				LD_RUNPATH_SEARCH_PATHS = "$(inherited) @executable_path/Frameworks @loader_path/Frameworks";
				PRODUCT_NAME = "$(TARGET_NAME)";
				TEST_HOST = "$(BUILT_PRODUCTS_DIR)/InterLect.app/InterLect";
			};
			name = Release;
		};
/* End XCBuildConfiguration section */

/* Begin XCConfigurationList section */
		A0F964A51AF6A52300FCA5BB /* Build configuration list for PBXProject "InterLect" */ = {
			isa = XCConfigurationList;
			buildConfigurations = (
				A0F964C71AF6A52300FCA5BB /* Debug */,
				A0F964C81AF6A52300FCA5BB /* Release */,
			);
			defaultConfigurationIsVisible = 0;
			defaultConfigurationName = Release;
		};
		A0F964C91AF6A52300FCA5BB /* Build configuration list for PBXNativeTarget "InterLect" */ = {
			isa = XCConfigurationList;
			buildConfigurations = (
				A0F964CA1AF6A52300FCA5BB /* Debug */,
				A0F964CB1AF6A52300FCA5BB /* Release */,
			);
			defaultConfigurationIsVisible = 0;
			defaultConfigurationName = Release;
		};
		A0F964CC1AF6A52300FCA5BB /* Build configuration list for PBXNativeTarget "InterLectTests" */ = {
			isa = XCConfigurationList;
			buildConfigurations = (
				A0F964CD1AF6A52300FCA5BB /* Debug */,
				A0F964CE1AF6A52300FCA5BB /* Release */,
			);
			defaultConfigurationIsVisible = 0;
			defaultConfigurationName = Release;
		};
/* End XCConfigurationList section */
	};
	rootObject = A0F964A21AF6A52300FCA5BB /* Project object */;
}
